// !$*UTF8*$!
{
	archiveVersion = 1;
	classes = {
	};
	objectVersion = 77;
	objects = {

/* Begin PBXContainerItemProxy section */
		C45C0AA12FD5BF1D004C7BD8 /* PBXContainerItemProxy */ = {
			isa = PBXContainerItemProxy;
			containerPortal = C45C0A8B2FD5BF1B004C7BD8 /* Project object */;
			proxyType = 1;
			remoteGlobalIDString = C45C0A922FD5BF1B004C7BD8;
			remoteInfo = DataLayerBenchmark;
		};
		C45C0AAB2FD5BF1D004C7BD8 /* PBXContainerItemProxy */ = {
			isa = PBXContainerItemProxy;
			containerPortal = C45C0A8B2FD5BF1B004C7BD8 /* Project object */;
			proxyType = 1;
			remoteGlobalIDString = C45C0A922FD5BF1B004C7BD8;
			remoteInfo = DataLayerBenchmark;
		};
/* End PBXContainerItemProxy section */

/* Begin PBXFileReference section */
		C45C0A932FD5BF1B004C7BD8 /* DataLayerBenchmark.app */ = {isa = PBXFileReference; explicitFileType = wrapper.application; includeInIndex = 0; path = DataLayerBenchmark.app; sourceTree = BUILT_PRODUCTS_DIR; };
		C45C0AA02FD5BF1D004C7BD8 /* DataLayerBenchmarkTests.xctest */ = {isa = PBXFileReference; explicitFileType = wrapper.cfbundle; includeInIndex = 0; path = DataLayerBenchmarkTests.xctest; sourceTree = BUILT_PRODUCTS_DIR; };
		C45C0AAA2FD5BF1D004C7BD8 /* DataLayerBenchmarkUITests.xctest */ = {isa = PBXFileReference; explicitFileType = wrapper.cfbundle; includeInIndex = 0; path = DataLayerBenchmarkUITests.xctest; sourceTree = BUILT_PRODUCTS_DIR; };
/* End PBXFileReference section */

/* Begin PBXFileSystemSynchronizedRootGroup section */
		C45C0A952FD5BF1B004C7BD8 /* DataLayerBenchmark */ = {
			isa = PBXFileSystemSynchronizedRootGroup;
			path = DataLayerBenchmark;
			sourceTree = "<group>";
		};
		C45C0AA32FD5BF1D004C7BD8 /* DataLayerBenchmarkTests */ = {
			isa = PBXFileSystemSynchronizedRootGroup;
			path = DataLayerBenchmarkTests;
			sourceTree = "<group>";
		};
		C45C0AAD2FD5BF1D004C7BD8 /* DataLayerBenchmarkUITests */ = {
			isa = PBXFileSystemSynchronizedRootGroup;
			path = DataLayerBenchmarkUITests;
			sourceTree = "<group>";
		};
/* End PBXFileSystemSynchronizedRootGroup section */

/* Begin PBXFrameworksBuildPhase section */
		C45C0A902FD5BF1B004C7BD8 /* Frameworks */ = {
			isa = PBXFrameworksBuildPhase;
			buildActionMask = 2147483647;
			files = (
			);
			runOnlyForDeploymentPostprocessing = 0;
		};
		C45C0A9D2FD5BF1D004C7BD8 /* Frameworks */ = {
			isa = PBXFrameworksBuildPhase;
			buildActionMask = 2147483647;
			files = (
			);
			runOnlyForDeploymentPostprocessing = 0;
		};
		C45C0AA72FD5BF1D004C7BD8 /* Frameworks */ = {
			isa = PBXFrameworksBuildPhase;
			buildActionMask = 2147483647;
			files = (
			);
			runOnlyForDeploymentPostprocessing = 0;
		};
/* End PBXFrameworksBuildPhase section */

/* Begin PBXGroup section */
		C45C0A8A2FD5BF1B004C7BD8 = {
			isa = PBXGroup;
			children = (
				C45C0A952FD5BF1B004C7BD8 /* DataLayerBenchmark */,
				C45C0AA32FD5BF1D004C7BD8 /* DataLayerBenchmarkTests */,
				C45C0AAD2FD5BF1D004C7BD8 /* DataLayerBenchmarkUITests */,
				C45C0A942FD5BF1B004C7BD8 /* Products */,
			);
			sourceTree = "<group>";
		};
		C45C0A942FD5BF1B004C7BD8 /* Products */ = {
			isa = PBXGroup;
			children = (
				C45C0A932FD5BF1B004C7BD8 /* DataLayerBenchmark.app */,
				C45C0AA02FD5BF1D004C7BD8 /* DataLayerBenchmarkTests.xctest */,
				C45C0AAA2FD5BF1D004C7BD8 /* DataLayerBenchmarkUITests.xctest */,
			);
			name = Products;
			sourceTree = "<group>";
		};
/* End PBXGroup section */

/* Begin PBXNativeTarget section */
		C45C0A922FD5BF1B004C7BD8 /* DataLayerBenchmark */ = {
			isa = PBXNativeTarget;
			buildConfigurationList = C45C0AB42FD5BF1D004C7BD8 /* Build configuration list for PBXNativeTarget "DataLayerBenchmark" */;
			buildPhases = (
				C45C0A8F2FD5BF1B004C7BD8 /* Sources */,
				C45C0A902FD5BF1B004C7BD8 /* Frameworks */,
				C45C0A912FD5BF1B004C7BD8 /* Resources */,
			);
			buildRules = (
			);
			dependencies = (
			);
			fileSystemSynchronizedGroups = (
				C45C0A952FD5BF1B004C7BD8 /* DataLayerBenchmark */,
			);
			name = DataLayerBenchmark;
			packageProductDependencies = (
			);
			productName = DataLayerBenchmark;
			productReference = C45C0A932FD5BF1B004C7BD8 /* DataLayerBenchmark.app */;
			productType = "com.apple.product-type.application";
		};
		C45C0A9F2FD5BF1D004C7BD8 /* DataLayerBenchmarkTests */ = {
			isa = PBXNativeTarget;
			buildConfigurationList = C45C0AB72FD5BF1D004C7BD8 /* Build configuration list for PBXNativeTarget "DataLayerBenchmarkTests" */;
			buildPhases = (
				C45C0A9C2FD5BF1D004C7BD8 /* Sources */,
				C45C0A9D2FD5BF1D004C7BD8 /* Frameworks */,
				C45C0A9E2FD5BF1D004C7BD8 /* Resources */,
			);
			buildRules = (
			);
			dependencies = (
				C45C0AA22FD5BF1D004C7BD8 /* PBXTargetDependency */,
			);
			fileSystemSynchronizedGroups = (
				C45C0AA32FD5BF1D004C7BD8 /* DataLayerBenchmarkTests */,
			);
			name = DataLayerBenchmarkTests;
			packageProductDependencies = (
			);
			productName = DataLayerBenchmarkTests;
			productReference = C45C0AA02FD5BF1D004C7BD8 /* DataLayerBenchmarkTests.xctest */;
			productType = "com.apple.product-type.bundle.unit-test";
		};
		C45C0AA92FD5BF1D004C7BD8 /* DataLayerBenchmarkUITests */ = {
			isa = PBXNativeTarget;
			buildConfigurationList = C45C0ABA2FD5BF1D004C7BD8 /* Build configuration list for PBXNativeTarget "DataLayerBenchmarkUITests" */;
			buildPhases = (
				C45C0AA62FD5BF1D004C7BD8 /* Sources */,
				C45C0AA72FD5BF1D004C7BD8 /* Frameworks */,
				C45C0AA82FD5BF1D004C7BD8 /* Resources */,
			);
			buildRules = (
			);
			dependencies = (
				C45C0AAC2FD5BF1D004C7BD8 /* PBXTargetDependency */,
			);
			fileSystemSynchronizedGroups = (
				C45C0AAD2FD5BF1D004C7BD8 /* DataLayerBenchmarkUITests */,
			);
			name = DataLayerBenchmarkUITests;
			packageProductDependencies = (
			);
			productName = DataLayerBenchmarkUITests;
			productReference = C45C0AAA2FD5BF1D004C7BD8 /* DataLayerBenchmarkUITests.xctest */;
			productType = "com.apple.product-type.bundle.ui-testing";
		};
/* End PBXNativeTarget section */

/* Begin PBXProject section */
		C45C0A8B2FD5BF1B004C7BD8 /* Project object */ = {
			isa = PBXProject;
			attributes = {
				BuildIndependentTargetsInParallel = 1;
				LastSwiftUpdateCheck = 2650;
				LastUpgradeCheck = 2650;
				TargetAttributes = {
					C45C0A922FD5BF1B004C7BD8 = {
						CreatedOnToolsVersion = 26.5;
					};
					C45C0A9F2FD5BF1D004C7BD8 = {
						CreatedOnToolsVersion = 26.5;
						TestTargetID = C45C0A922FD5BF1B004C7BD8;
					};
					C45C0AA92FD5BF1D004C7BD8 = {
						CreatedOnToolsVersion = 26.5;
						TestTargetID = C45C0A922FD5BF1B004C7BD8;
					};
				};
			};
			buildConfigurationList = C45C0A8E2FD5BF1B004C7BD8 /* Build configuration list for PBXProject "DataLayerBenchmark" */;
			developmentRegion = en;
			hasScannedForEncodings = 0;
			knownRegions = (
				en,
				Base,
			);
			mainGroup = C45C0A8A2FD5BF1B004C7BD8;
			minimizedProjectReferenceProxies = 1;
			preferredProjectObjectVersion = 77;
			productRefGroup = C45C0A942FD5BF1B004C7BD8 /* Products */;
			projectDirPath = "";
			projectRoot = "";
			targets = (
				C45C0A922FD5BF1B004C7BD8 /* DataLayerBenchmark */,
				C45C0A9F2FD5BF1D004C7BD8 /* DataLayerBenchmarkTests */,
				C45C0AA92FD5BF1D004C7BD8 /* DataLayerBenchmarkUITests */,
			);
		};
/* End PBXProject section */

/* Begin PBXResourcesBuildPhase section */
		C45C0A912FD5BF1B004C7BD8 /* Resources */ = {
			isa = PBXResourcesBuildPhase;
			buildActionMask = 2147483647;
			files = (
			);
			runOnlyForDeploymentPostprocessing = 0;
		};
		C45C0A9E2FD5BF1D004C7BD8 /* Resources */ = {
			isa = PBXResourcesBuildPhase;
			buildActionMask = 2147483647;
			files = (
			);
			runOnlyForDeploymentPostprocessing = 0;
		};
		C45C0AA82FD5BF1D004C7BD8 /* Resources */ = {
			isa = PBXResourcesBuildPhase;
			buildActionMask = 2147483647;
			files = (
			);
			runOnlyForDeploymentPostprocessing = 0;
		};
/* End PBXResourcesBuildPhase section */

/* Begin PBXSourcesBuildPhase section */
		C45C0A8F2FD5BF1B004C7BD8 /* Sources */ = {
			isa = PBXSourcesBuildPhase;
			buildActionMask = 2147483647;
			files = (
			);
			runOnlyForDeploymentPostprocessing = 0;
		};
		C45C0A9C2FD5BF1D004C7BD8 /* Sources */ = {
			isa = PBXSourcesBuildPhase;
			buildActionMask = 2147483647;
			files = (
			);
			runOnlyForDeploymentPostprocessing = 0;
		};
		C45C0AA62FD5BF1D004C7BD8 /* Sources */ = {
			isa = PBXSourcesBuildPhase;
			buildActionMask = 2147483647;
			files = (
			);
			runOnlyForDeploymentPostprocessing = 0;
		};
/* End PBXSourcesBuildPhase section */

/* Begin PBXTargetDependency section */
		C45C0AA22FD5BF1D004C7BD8 /* PBXTargetDependency */ = {
			isa = PBXTargetDependency;
			target = C45C0A922FD5BF1B004C7BD8 /* DataLayerBenchmark */;
			targetProxy = C45C0AA12FD5BF1D004C7BD8 /* PBXContainerItemProxy */;
		};
		C45C0AAC2FD5BF1D004C7BD8 /* PBXTargetDependency */ = {
			isa = PBXTargetDependency;
			target = C45C0A922FD5BF1B004C7BD8 /* DataLayerBenchmark */;
			targetProxy = C45C0AAB2FD5BF1D004C7BD8 /* PBXContainerItemProxy */;
		};
/* End PBXTargetDependency section */

/* Begin XCBuildConfiguration section */
		C45C0AB22FD5BF1D004C7BD8 /* Debug */ = {
			isa = XCBuildConfiguration;
			buildSettings = {
				ALWAYS_SEARCH_USER_PATHS = NO;
				ASSETCATALOG_COMPILER_GENERATE_SWIFT_ASSET_SYMBOL_EXTENSIONS = YES;
				CLANG_ANALYZER_NONNULL = YES;
				CLANG_ANALYZER_NUMBER_OBJECT_CONVERSION = YES_AGGRESSIVE;
				CLANG_CXX_LANGUAGE_STANDARD = "gnu++20";
				CLANG_ENABLE_MODULES = YES;
				CLANG_ENABLE_OBJC_ARC = YES;
				CLANG_ENABLE_OBJC_WEAK = YES;
				CLANG_WARN_BLOCK_CAPTURE_AUTORELEASING = YES;
				CLANG_WARN_BOOL_CONVERSION = YES;
				CLANG_WARN_COMMA = YES;
				CLANG_WARN_CONSTANT_CONVERSION = YES;
				CLANG_WARN_DEPRECATED_OBJC_IMPLEMENTATIONS = YES;
				CLANG_WARN_DIRECT_OBJC_ISA_USAGE = YES_ERROR;
				CLANG_WARN_DOCUMENTATION_COMMENTS = YES;
				CLANG_WARN_EMPTY_BODY = YES;
				CLANG_WARN_ENUM_CONVERSION = YES;
				CLANG_WARN_INFINITE_RECURSION = YES;
				CLANG_WARN_INT_CONVERSION = YES;
				CLANG_WARN_NON_LITERAL_NULL_CONVERSION = YES;
				CLANG_WARN_OBJC_IMPLICIT_RETAIN_SELF = YES;
				CLANG_WARN_OBJC_LITERAL_CONVERSION = YES;
				CLANG_WARN_OBJC_ROOT_CLASS = YES_ERROR;
				CLANG_WARN_QUOTED_INCLUDE_IN_FRAMEWORK_HEADER = YES;
				CLANG_WARN_RANGE_LOOP_ANALYSIS = YES;
				CLANG_WARN_STRICT_PROTOTYPES = YES;
				CLANG_WARN_SUSPICIOUS_MOVE = YES;
				CLANG_WARN_UNGUARDED_AVAILABILITY = YES_AGGRESSIVE;
				CLANG_WARN_UNREACHABLE_CODE = YES;
				CLANG_WARN__DUPLICATE_METHOD_MATCH = YES;
				COPY_PHASE_STRIP = NO;
				DEBUG_INFORMATION_FORMAT = dwarf;
				ENABLE_STRICT_OBJC_MSGSEND = YES;
				ENABLE_TESTABILITY = YES;
				ENABLE_USER_SCRIPT_SANDBOXING = YES;
				GCC_C_LANGUAGE_STANDARD = gnu17;
				GCC_DYNAMIC_NO_PIC = NO;
				GCC_NO_COMMON_BLOCKS = YES;
				GCC_OPTIMIZATION_LEVEL = 0;
				GCC_PREPROCESSOR_DEFINITIONS = (
					"DEBUG=1",
					"$(inherited)",
				);
				GCC_WARN_64_TO_32_BIT_CONVERSION = YES;
				GCC_WARN_ABOUT_RETURN_TYPE = YES_ERROR;
				GCC_WARN_UNDECLARED_SELECTOR = YES;
				GCC_WARN_UNINITIALIZED_AUTOS = YES_AGGRESSIVE;
				GCC_WARN_UNUSED_FUNCTION = YES;
				GCC_WARN_UNUSED_VARIABLE = YES;
				IPHONEOS_DEPLOYMENT_TARGET = 26.5;
				LOCALIZATION_PREFERS_STRING_CATALOGS = YES;
				MTL_ENABLE_DEBUG_INFO = INCLUDE_SOURCE;
				MTL_FAST_MATH = YES;
				ONLY_ACTIVE_ARCH = YES;
				SDKROOT = iphoneos;
				SWIFT_ACTIVE_COMPILATION_CONDITIONS = "DEBUG $(inherited)";
				SWIFT_OPTIMIZATION_LEVEL = "-Onone";
			};
			name = Debug;
		};
		C45C0AB32FD5BF1D004C7BD8 /* Release */ = {
			isa = XCBuildConfiguration;
			buildSettings = {
				ALWAYS_SEARCH_USER_PATHS = NO;
				ASSETCATALOG_COMPILER_GENERATE_SWIFT_ASSET_SYMBOL_EXTENSIONS = YES;
				CLANG_ANALYZER_NONNULL = YES;
				CLANG_ANALYZER_NUMBER_OBJECT_CONVERSION = YES_AGGRESSIVE;
				CLANG_CXX_LANGUAGE_STANDARD = "gnu++20";
				CLANG_ENABLE_MODULES = YES;
				CLANG_ENABLE_OBJC_ARC = YES;
				CLANG_ENABLE_OBJC_WEAK = YES;
				CLANG_WARN_BLOCK_CAPTURE_AUTORELEASING = YES;
				CLANG_WARN_BOOL_CONVERSION = YES;
				CLANG_WARN_COMMA = YES;
				CLANG_WARN_CONSTANT_CONVERSION = YES;
				CLANG_WARN_DEPRECATED_OBJC_IMPLEMENTATIONS = YES;
				CLANG_WARN_DIRECT_OBJC_ISA_USAGE = YES_ERROR;
				CLANG_WARN_DOCUMENTATION_COMMENTS = YES;
				CLANG_WARN_EMPTY_BODY = YES;
				CLANG_WARN_ENUM_CONVERSION = YES;
				CLANG_WARN_INFINITE_RECURSION = YES;
				CLANG_WARN_INT_CONVERSION = YES;
				CLANG_WARN_NON_LITERAL_NULL_CONVERSION = YES;
				CLANG_WARN_OBJC_IMPLICIT_RETAIN_SELF = YES;
				CLANG_WARN_OBJC_LITERAL_CONVERSION = YES;
				CLANG_WARN_OBJC_ROOT_CLASS = YES_ERROR;
				CLANG_WARN_QUOTED_INCLUDE_IN_FRAMEWORK_HEADER = YES;
				CLANG_WARN_RANGE_LOOP_ANALYSIS = YES;
				CLANG_WARN_STRICT_PROTOTYPES = YES;
				CLANG_WARN_SUSPICIOUS_MOVE = YES;
				CLANG_WARN_UNGUARDED_AVAILABILITY = YES_AGGRESSIVE;
				CLANG_WARN_UNREACHABLE_CODE = YES;
				CLANG_WARN__DUPLICATE_METHOD_MATCH = YES;
				COPY_PHASE_STRIP = NO;
				DEBUG_INFORMATION_FORMAT = "dwarf-with-dsym";
				ENABLE_NS_ASSERTIONS = NO;
				ENABLE_STRICT_OBJC_MSGSEND = YES;
				ENABLE_USER_SCRIPT_SANDBOXING = YES;
				GCC_C_LANGUAGE_STANDARD = gnu17;
				GCC_NO_COMMON_BLOCKS = YES;
				GCC_WARN_64_TO_32_BIT_CONVERSION = YES;
				GCC_WARN_ABOUT_RETURN_TYPE = YES_ERROR;
				GCC_WARN_UNDECLARED_SELECTOR = YES;
				GCC_WARN_UNINITIALIZED_AUTOS = YES_AGGRESSIVE;
				GCC_WARN_UNUSED_FUNCTION = YES;
				GCC_WARN_UNUSED_VARIABLE = YES;
				IPHONEOS_DEPLOYMENT_TARGET = 26.5;
				LOCALIZATION_PREFERS_STRING_CATALOGS = YES;
				MTL_ENABLE_DEBUG_INFO = NO;
				MTL_FAST_MATH = YES;
				SDKROOT = iphoneos;
				SWIFT_COMPILATION_MODE = wholemodule;
				VALIDATE_PRODUCT = YES;
			};
			name = Release;
		};
		C45C0AB52FD5BF1D004C7BD8 /* Debug */ = {
			isa = XCBuildConfiguration;
			buildSettings = {
				ASSETCATALOG_COMPILER_APPICON_NAME = AppIcon;
				ASSETCATALOG_COMPILER_GLOBAL_ACCENT_COLOR_NAME = AccentColor;
				CODE_SIGN_STYLE = Automatic;
				CURRENT_PROJECT_VERSION = 1;
				DEVELOPMENT_TEAM = J55NB3B9MY;
				ENABLE_PREVIEWS = YES;
				GENERATE_INFOPLIST_FILE = YES;
				INFOPLIST_KEY_UIApplicationSceneManifest_Generation = YES;
				INFOPLIST_KEY_UIApplicationSupportsIndirectInputEvents = YES;
				INFOPLIST_KEY_UILaunchScreen_Generation = YES;
				INFOPLIST_KEY_UISupportedInterfaceOrientations_iPad = "UIInterfaceOrientationPortrait UIInterfaceOrientationPortraitUpsideDown UIInterfaceOrientationLandscapeLeft UIInterfaceOrientationLandscapeRight";
				INFOPLIST_KEY_UISupportedInterfaceOrientations_iPhone = "UIInterfaceOrientationPortrait UIInterfaceOrientationLandscapeLeft UIInterfaceOrientationLandscapeRight";
				LD_RUNPATH_SEARCH_PATHS = (
					"$(inherited)",
					"@executable_path/Frameworks",
				);
				MARKETING_VERSION = 1.0;
				PRODUCT_BUNDLE_IDENTIFIER = Dyin.DataLayerBenchmark;
				PRODUCT_NAME = "$(TARGET_NAME)";
				STRING_CATALOG_GENERATE_SYMBOLS = YES;
				SWIFT_APPROACHABLE_CONCURRENCY = YES;
				SWIFT_DEFAULT_ACTOR_ISOLATION = MainActor;
				SWIFT_EMIT_LOC_STRINGS = YES;
				SWIFT_UPCOMING_FEATURE_MEMBER_IMPORT_VISIBILITY = YES;
				SWIFT_VERSION = 5.0;
				TARGETED_DEVICE_FAMILY = "1,2";
			};
			name = Debug;
		};
		C45C0AB62FD5BF1D004C7BD8 /* Release */ = {
			isa = XCBuildConfiguration;
			buildSettings = {
				ASSETCATALOG_COMPILER_APPICON_NAME = AppIcon;
				ASSETCATALOG_COMPILER_GLOBAL_ACCENT_COLOR_NAME = AccentColor;
				CODE_SIGN_STYLE = Automatic;
				CURRENT_PROJECT_VERSION = 1;
				DEVELOPMENT_TEAM = J55NB3B9MY;
				ENABLE_PREVIEWS = YES;
				GENERATE_INFOPLIST_FILE = YES;
				INFOPLIST_KEY_UIApplicationSceneManifest_Generation = YES;
				INFOPLIST_KEY_UIApplicationSupportsIndirectInputEvents = YES;
				INFOPLIST_KEY_UILaunchScreen_Generation = YES;
				INFOPLIST_KEY_UISupportedInterfaceOrientations_iPad = "UIInterfaceOrientationPortrait UIInterfaceOrientationPortraitUpsideDown UIInterfaceOrientationLandscapeLeft UIInterfaceOrientationLandscapeRight";
				INFOPLIST_KEY_UISupportedInterfaceOrientations_iPhone = "UIInterfaceOrientationPortrait UIInterfaceOrientationLandscapeLeft UIInterfaceOrientationLandscapeRight";
				LD_RUNPATH_SEARCH_PATHS = (
					"$(inherited)",
					"@executable_path/Frameworks",
				);
				MARKETING_VERSION = 1.0;
				PRODUCT_BUNDLE_IDENTIFIER = Dyin.DataLayerBenchmark;
				PRODUCT_NAME = "$(TARGET_NAME)";
				STRING_CATALOG_GENERATE_SYMBOLS = YES;
				SWIFT_APPROACHABLE_CONCURRENCY = YES;
				SWIFT_DEFAULT_ACTOR_ISOLATION = MainActor;
				SWIFT_EMIT_LOC_STRINGS = YES;
				SWIFT_UPCOMING_FEATURE_MEMBER_IMPORT_VISIBILITY = YES;
				SWIFT_VERSION = 5.0;
				TARGETED_DEVICE_FAMILY = "1,2";
			};
			name = Release;
		};
		C45C0AB82FD5BF1D004C7BD8 /* Debug */ = {
			isa = XCBuildConfiguration;
			buildSettings = {
				BUNDLE_LOADER = "$(TEST_HOST)";
				CODE_SIGN_STYLE = Automatic;
				CURRENT_PROJECT_VERSION = 1;
				GENERATE_INFOPLIST_FILE = YES;
				IPHONEOS_DEPLOYMENT_TARGET = 26.5;
				MARKETING_VERSION = 1.0;
				PRODUCT_BUNDLE_IDENTIFIER = Dyin.DataLayerBenchmarkTests;
				PRODUCT_NAME = "$(TARGET_NAME)";
				STRING_CATALOG_GENERATE_SYMBOLS = NO;
				SWIFT_APPROACHABLE_CONCURRENCY = YES;
				SWIFT_EMIT_LOC_STRINGS = NO;
				SWIFT_UPCOMING_FEATURE_MEMBER_IMPORT_VISIBILITY = YES;
				SWIFT_VERSION = 5.0;
				TARGETED_DEVICE_FAMILY = "1,2";
				TEST_HOST = "$(BUILT_PRODUCTS_DIR)/DataLayerBenchmark.app/$(BUNDLE_EXECUTABLE_FOLDER_PATH)/DataLayerBenchmark";
			};
			name = Debug;
		};
		C45C0AB92FD5BF1D004C7BD8 /* Release */ = {
			isa = XCBuildConfiguration;
			buildSettings = {
				BUNDLE_LOADER = "$(TEST_HOST)";
				CODE_SIGN_STYLE = Automatic;
				CURRENT_PROJECT_VERSION = 1;
				GENERATE_INFOPLIST_FILE = YES;
				IPHONEOS_DEPLOYMENT_TARGET = 26.5;
				MARKETING_VERSION = 1.0;
				PRODUCT_BUNDLE_IDENTIFIER = Dyin.DataLayerBenchmarkTests;
				PRODUCT_NAME = "$(TARGET_NAME)";
				STRING_CATALOG_GENERATE_SYMBOLS = NO;
				SWIFT_APPROACHABLE_CONCURRENCY = YES;
				SWIFT_EMIT_LOC_STRINGS = NO;
				SWIFT_UPCOMING_FEATURE_MEMBER_IMPORT_VISIBILITY = YES;
				SWIFT_VERSION = 5.0;
				TARGETED_DEVICE_FAMILY = "1,2";
				TEST_HOST = "$(BUILT_PRODUCTS_DIR)/DataLayerBenchmark.app/$(BUNDLE_EXECUTABLE_FOLDER_PATH)/DataLayerBenchmark";
			};
			name = Release;
		};
		C45C0ABB2FD5BF1D004C7BD8 /* Debug */ = {
			isa = XCBuildConfiguration;
			buildSettings = {
				CODE_SIGN_STYLE = Automatic;
				CURRENT_PROJECT_VERSION = 1;
				GENERATE_INFOPLIST_FILE = YES;
				MARKETING_VERSION = 1.0;
				PRODUCT_BUNDLE_IDENTIFIER = Dyin.DataLayerBenchmarkUITests;
				PRODUCT_NAME = "$(TARGET_NAME)";
				STRING_CATALOG_GENERATE_SYMBOLS = NO;
				SWIFT_APPROACHABLE_CONCURRENCY = YES;
				SWIFT_EMIT_LOC_STRINGS = NO;
				SWIFT_UPCOMING_FEATURE_MEMBER_IMPORT_VISIBILITY = YES;
				SWIFT_VERSION = 5.0;
				TARGETED_DEVICE_FAMILY = "1,2";
				TEST_TARGET_NAME = DataLayerBenchmark;
			};
			name = Debug;
		};
		C45C0ABC2FD5BF1D004C7BD8 /* Release */ = {
			isa = XCBuildConfiguration;
			buildSettings = {
				CODE_SIGN_STYLE = Automatic;
				CURRENT_PROJECT_VERSION = 1;
				GENERATE_INFOPLIST_FILE = YES;
				MARKETING_VERSION = 1.0;
				PRODUCT_BUNDLE_IDENTIFIER = Dyin.DataLayerBenchmarkUITests;
				PRODUCT_NAME = "$(TARGET_NAME)";
				STRING_CATALOG_GENERATE_SYMBOLS = NO;
				SWIFT_APPROACHABLE_CONCURRENCY = YES;
				SWIFT_EMIT_LOC_STRINGS = NO;
				SWIFT_UPCOMING_FEATURE_MEMBER_IMPORT_VISIBILITY = YES;
				SWIFT_VERSION = 5.0;
				TARGETED_DEVICE_FAMILY = "1,2";
				TEST_TARGET_NAME = DataLayerBenchmark;
			};
			name = Release;
		};
/* End XCBuildConfiguration section */

/* Begin XCConfigurationList section */
		C45C0A8E2FD5BF1B004C7BD8 /* Build configuration list for PBXProject "DataLayerBenchmark" */ = {
			isa = XCConfigurationList;
			buildConfigurations = (
				C45C0AB22FD5BF1D004C7BD8 /* Debug */,
				C45C0AB32FD5BF1D004C7BD8 /* Release */,
			);
			defaultConfigurationIsVisible = 0;
			defaultConfigurationName = Release;
		};
		C45C0AB42FD5BF1D004C7BD8 /* Build configuration list for PBXNativeTarget "DataLayerBenchmark" */ = {
			isa = XCConfigurationList;
			buildConfigurations = (
				C45C0AB52FD5BF1D004C7BD8 /* Debug */,
				C45C0AB62FD5BF1D004C7BD8 /* Release */,
			);
			defaultConfigurationIsVisible = 0;
			defaultConfigurationName = Release;
		};
		C45C0AB72FD5BF1D004C7BD8 /* Build configuration list for PBXNativeTarget "DataLayerBenchmarkTests" */ = {
			isa = XCConfigurationList;
			buildConfigurations = (
				C45C0AB82FD5BF1D004C7BD8 /* Debug */,
				C45C0AB92FD5BF1D004C7BD8 /* Release */,
			);
			defaultConfigurationIsVisible = 0;
			defaultConfigurationName = Release;
		};
		C45C0ABA2FD5BF1D004C7BD8 /* Build configuration list for PBXNativeTarget "DataLayerBenchmarkUITests" */ = {
			isa = XCConfigurationList;
			buildConfigurations = (
				C45C0ABB2FD5BF1D004C7BD8 /* Debug */,
				C45C0ABC2FD5BF1D004C7BD8 /* Release */,
			);
			defaultConfigurationIsVisible = 0;
			defaultConfigurationName = Release;
		};
/* End XCConfigurationList section */
	};
	rootObject = C45C0A8B2FD5BF1B004C7BD8 /* Project object */;
}
